
Microsoft Visual Studio Solution File, Format Version 12.00
# Visual Studio 15
VisualStudioVersion = 15.0.26430.15
MinimumVisualStudioVersion = 10.0.40219.1
Project("{F2A71F9B-5D33-465A-A702-920D77279786}") = "MyFSharp", "C:\Users\Worawit\Documents\Visual Studio 2017\Projects\MyFSharp\MyFSharp\MyFSharp.fsproj", "{AF30FFE7-29B7-4AE4-829D-7D6D7755FC20}"
EndProject
Project("{9A19103F-16F7-4668-BE54-9A1E7A4F7556}") = "FunctionalProgramming", "FunctionalProgramming\FunctionalProgramming.csproj", "{2E88AF9E-E70D-4441-B9B0-D336BB282FC9}"
EndProject
Global
	GlobalSection(SolutionConfigurationPlatforms) = preSolution
		Debug|Any CPU = Debug|Any CPU
		Release|Any CPU = Release|Any CPU
	EndGlobalSection
	GlobalSection(ProjectConfigurationPlatforms) = postSolution
		{AF30FFE7-29B7-4AE4-829D-7D6D7755FC20}.Debug|Any CPU.ActiveCfg = Debug|Any CPU
		{AF30FFE7-29B7-4AE4-829D-7D6D7755FC20}.Debug|Any CPU.Build.0 = Debug|Any CPU
		{AF30FFE7-29B7-4AE4-829D-7D6D7755FC20}.Release|Any CPU.ActiveCfg = Release|Any CPU
		{AF30FFE7-29B7-4AE4-829D-7D6D7755FC20}.Release|Any CPU.Build.0 = Release|Any CPU
		{2E88AF9E-E70D-4441-B9B0-D336BB282FC9}.Debug|Any CPU.ActiveCfg = Debug|Any CPU
		{2E88AF9E-E70D-4441-B9B0-D336BB282FC9}.Debug|Any CPU.Build.0 = Debug|Any CPU
		{2E88AF9E-E70D-4441-B9B0-D336BB282FC9}.Release|Any CPU.ActiveCfg = Release|Any CPU
		{2E88AF9E-E70D-4441-B9B0-D336BB282FC9}.Release|Any CPU.Build.0 = Release|Any CPU
	EndGlobalSection
	GlobalSection(SolutionProperties) = preSolution
		HideSolutionNode = FALSE
	EndGlobalSection
EndGlobal
